
Microsoft Visual Studio Solution File, Format Version 12.00
# Visual Studio Version 17
VisualStudioVersion = 17.11.35219.272
MinimumVisualStudioVersion = 10.0.40219.1
Project("{FAE04EC0-301F-11D3-BF4B-00C04F79EFBC}") = "MortgagePlugin1", "MortgagePlugin1.csproj", "{05E75D63-74A1-4FE7-8B62-31398B5D21E1}"
EndProject
Project("{FAE04EC0-301F-11D3-BF4B-00C04F79EFBC}") = "RandomNumberWebApi", "..\RandomNumberWebApi\RandomNumberWebApi.csproj", "{2FCD01A2-835A-4634-ACE7-ED27231FA2CA}"
EndProject
Project("{FAE04EC0-301F-11D3-BF4B-00C04F79EFBC}") = "AssignCaseToLowestWorkloadUserPlugin", "..\AssignCaseToLowestWorkloadUserPlugin\AssignCaseToLowestWorkloadUserPlugin.csproj", "{C11E90EC-AB62-4060-AF74-DBC7162D3795}"
EndProject
Project("{FAE04EC0-301F-11D3-BF4B-00C04F79EFBC}") = "Cyclic distribution", "..\Cyclic distribution\Cyclic distribution.csproj", "{2C4DBB3A-A90B-4D00-8466-2DD182A5DA04}"
EndProject
Project("{FAE04EC0-301F-11D3-BF4B-00C04F79EFBC}") = "TaskAssigned1", "..\TaskAssigned1\TaskAssigned1.csproj", "{E3840FB8-5AAE-4C8D-86E8-5229CE84FDAC}"
EndProject
Project("{FAE04EC0-301F-11D3-BF4B-00C04F79EFBC}") = "ActivityLibraryTaskAssigned1", "..\ActivityLibraryTaskAssigned1\ActivityLibraryTaskAssigned1.csproj", "{261EF807-8C59-4FC3-8DF5-FF99B43659B2}"
EndProject
Global
	GlobalSection(SolutionConfigurationPlatforms) = preSolution
		Debug|Any CPU = Debug|Any CPU
		Release|Any CPU = Release|Any CPU
	EndGlobalSection
	GlobalSection(ProjectConfigurationPlatforms) = postSolution
		{05E75D63-74A1-4FE7-8B62-31398B5D21E1}.Debug|Any CPU.ActiveCfg = Debug|Any CPU
		{05E75D63-74A1-4FE7-8B62-31398B5D21E1}.Debug|Any CPU.Build.0 = Debug|Any CPU
		{05E75D63-74A1-4FE7-8B62-31398B5D21E1}.Release|Any CPU.ActiveCfg = Release|Any CPU
		{05E75D63-74A1-4FE7-8B62-31398B5D21E1}.Release|Any CPU.Build.0 = Release|Any CPU
		{2FCD01A2-835A-4634-ACE7-ED27231FA2CA}.Debug|Any CPU.ActiveCfg = Debug|Any CPU
		{2FCD01A2-835A-4634-ACE7-ED27231FA2CA}.Debug|Any CPU.Build.0 = Debug|Any CPU
		{2FCD01A2-835A-4634-ACE7-ED27231FA2CA}.Release|Any CPU.ActiveCfg = Release|Any CPU
		{2FCD01A2-835A-4634-ACE7-ED27231FA2CA}.Release|Any CPU.Build.0 = Release|Any CPU
		{C11E90EC-AB62-4060-AF74-DBC7162D3795}.Debug|Any CPU.ActiveCfg = Debug|Any CPU
		{C11E90EC-AB62-4060-AF74-DBC7162D3795}.Debug|Any CPU.Build.0 = Debug|Any CPU
		{C11E90EC-AB62-4060-AF74-DBC7162D3795}.Release|Any CPU.ActiveCfg = Release|Any CPU
		{C11E90EC-AB62-4060-AF74-DBC7162D3795}.Release|Any CPU.Build.0 = Release|Any CPU
		{2C4DBB3A-A90B-4D00-8466-2DD182A5DA04}.Debug|Any CPU.ActiveCfg = Debug|Any CPU
		{2C4DBB3A-A90B-4D00-8466-2DD182A5DA04}.Debug|Any CPU.Build.0 = Debug|Any CPU
		{2C4DBB3A-A90B-4D00-8466-2DD182A5DA04}.Release|Any CPU.ActiveCfg = Release|Any CPU
		{2C4DBB3A-A90B-4D00-8466-2DD182A5DA04}.Release|Any CPU.Build.0 = Release|Any CPU
		{E3840FB8-5AAE-4C8D-86E8-5229CE84FDAC}.Debug|Any CPU.ActiveCfg = Debug|Any CPU
		{E3840FB8-5AAE-4C8D-86E8-5229CE84FDAC}.Debug|Any CPU.Build.0 = Debug|Any CPU
		{E3840FB8-5AAE-4C8D-86E8-5229CE84FDAC}.Release|Any CPU.ActiveCfg = Release|Any CPU
		{E3840FB8-5AAE-4C8D-86E8-5229CE84FDAC}.Release|Any CPU.Build.0 = Release|Any CPU
		{261EF807-8C59-4FC3-8DF5-FF99B43659B2}.Debug|Any CPU.ActiveCfg = Debug|Any CPU
		{261EF807-8C59-4FC3-8DF5-FF99B43659B2}.Debug|Any CPU.Build.0 = Debug|Any CPU
		{261EF807-8C59-4FC3-8DF5-FF99B43659B2}.Release|Any CPU.ActiveCfg = Release|Any CPU
		{261EF807-8C59-4FC3-8DF5-FF99B43659B2}.Release|Any CPU.Build.0 = Release|Any CPU
	EndGlobalSection
	GlobalSection(SolutionProperties) = preSolution
		HideSolutionNode = FALSE
	EndGlobalSection
	GlobalSection(ExtensibilityGlobals) = postSolution
		SolutionGuid = {BDE7FB3E-F97F-4AA3-86D9-A1648D4EA8D0}
	EndGlobalSection
EndGlobal
